
Microsoft Visual Studio Solution File, Format Version 12.00
# Visual Studio Version 17
VisualStudioVersion = 17.14.36408.4
MinimumVisualStudioVersion = 10.0.40219.1
Project("{2150E333-8FDC-42A3-9474-1A3956D46DE8}") = "src", "src", "{02EA681E-C7D8-13C7-8484-4AC65E1B71E8}"
EndProject
Project("{2150E333-8FDC-42A3-9474-1A3956D46DE8}") = "tests", "tests", "{4EFE7286-80BE-4D2D-8FA2-F5BD8FC175C9}"
EndProject
Project("{2150E333-8FDC-42A3-9474-1A3956D46DE8}") = "Backend", "Backend", "{E66A4724-E2E4-4C3E-8218-C784F772C3A5}"
EndProject
Project("{FAE04EC0-301F-11D3-BF4B-00C04F79EFBC}") = "MinimalApi.Api", "src\Backend\MinimalApi.Api\MinimalApi.Api.csproj", "{0C705760-1B0B-42CD-B204-BD060ED7C11B}"
EndProject
Project("{FAE04EC0-301F-11D3-BF4B-00C04F79EFBC}") = "MinimalApi.Infra", "src\Backend\MinimalApi.Infra\MinimalApi.Infra.csproj", "{5CE5D8FE-7BF4-482D-81D0-F2599D1BC248}"
EndProject
Project("{FAE04EC0-301F-11D3-BF4B-00C04F79EFBC}") = "MinimalApi.Domain", "src\Backend\MinimalApi.Domain\MinimalApi.Domain.csproj", "{7A9C0278-170F-4B8A-8216-27670E3D782E}"
EndProject
Global
	GlobalSection(SolutionConfigurationPlatforms) = preSolution
		Debug|Any CPU = Debug|Any CPU
		Release|Any CPU = Release|Any CPU
	EndGlobalSection
	GlobalSection(ProjectConfigurationPlatforms) = postSolution
		{0C705760-1B0B-42CD-B204-BD060ED7C11B}.Debug|Any CPU.ActiveCfg = Debug|Any CPU
		{0C705760-1B0B-42CD-B204-BD060ED7C11B}.Debug|Any CPU.Build.0 = Debug|Any CPU
		{0C705760-1B0B-42CD-B204-BD060ED7C11B}.Release|Any CPU.ActiveCfg = Release|Any CPU
		{0C705760-1B0B-42CD-B204-BD060ED7C11B}.Release|Any CPU.Build.0 = Release|Any CPU
		{5CE5D8FE-7BF4-482D-81D0-F2599D1BC248}.Debug|Any CPU.ActiveCfg = Debug|Any CPU
		{5CE5D8FE-7BF4-482D-81D0-F2599D1BC248}.Debug|Any CPU.Build.0 = Debug|Any CPU
		{5CE5D8FE-7BF4-482D-81D0-F2599D1BC248}.Release|Any CPU.ActiveCfg = Release|Any CPU
		{5CE5D8FE-7BF4-482D-81D0-F2599D1BC248}.Release|Any CPU.Build.0 = Release|Any CPU
		{7A9C0278-170F-4B8A-8216-27670E3D782E}.Debug|Any CPU.ActiveCfg = Debug|Any CPU
		{7A9C0278-170F-4B8A-8216-27670E3D782E}.Debug|Any CPU.Build.0 = Debug|Any CPU
		{7A9C0278-170F-4B8A-8216-27670E3D782E}.Release|Any CPU.ActiveCfg = Release|Any CPU
		{7A9C0278-170F-4B8A-8216-27670E3D782E}.Release|Any CPU.Build.0 = Release|Any CPU
	EndGlobalSection
	GlobalSection(SolutionProperties) = preSolution
		HideSolutionNode = FALSE
	EndGlobalSection
	GlobalSection(NestedProjects) = preSolution
		{E66A4724-E2E4-4C3E-8218-C784F772C3A5} = {02EA681E-C7D8-13C7-8484-4AC65E1B71E8}
		{0C705760-1B0B-42CD-B204-BD060ED7C11B} = {E66A4724-E2E4-4C3E-8218-C784F772C3A5}
		{5CE5D8FE-7BF4-482D-81D0-F2599D1BC248} = {E66A4724-E2E4-4C3E-8218-C784F772C3A5}
		{7A9C0278-170F-4B8A-8216-27670E3D782E} = {E66A4724-E2E4-4C3E-8218-C784F772C3A5}
	EndGlobalSection
	GlobalSection(ExtensibilityGlobals) = postSolution
		SolutionGuid = {F5629018-86B4-4482-A2F2-A682D307A059}
	EndGlobalSection
EndGlobal
